
Microsoft Visual Studio Solution File, Format Version 12.00
# Visual Studio Version 17
VisualStudioVersion = 17.4.33213.308
MinimumVisualStudioVersion = 10.0.40219.1
Project("{9A19103F-16F7-4668-BE54-9A1E7A4F7556}") = "GroopySwoopy", "GroopySwoopy.csproj", "{C2C0D52B-B700-4AE2-8366-C2D9D20C6E28}"
EndProject
Project("{9A19103F-16F7-4668-BE54-9A1E7A4F7556}") = "GroopySwoopyLogic", "..\GroopySwoopyLogic\GroopySwoopyLogic.csproj", "{C5925095-9BBF-4E9F-A16C-8192BADF37DC}"
EndProject
Project("{9A19103F-16F7-4668-BE54-9A1E7A4F7556}") = "GroopySwoopyDAL", "..\GroopySwoopyDAL\GroopySwoopyDAL.csproj", "{B0C7BD49-DD49-40B0-B5BF-39504912341E}"
EndProject
Project("{9A19103F-16F7-4668-BE54-9A1E7A4F7556}") = "GroopySwoopyDTO", "..\GroopySwoopyDTO\GroopySwoopyDTO.csproj", "{59E3E30D-6E49-4901-BA5C-B1F31916D172}"
EndProject
Project("{9A19103F-16F7-4668-BE54-9A1E7A4F7556}") = "GroopySwoopyInterfaces", "..\GroopySwoopyInterfaces\GroopySwoopyInterfaces.csproj", "{192A57BD-59AE-4FE4-A240-F57502956029}"
EndProject
Project("{9A19103F-16F7-4668-BE54-9A1E7A4F7556}") = "GroopySwoopyAPI", "..\GroopySwoopyAPI\GroopySwoopyAPI.csproj", "{DA7EB10B-6FFB-41C9-8053-857200BA6B8F}"
	ProjectSection(ProjectDependencies) = postProject
		{C5925095-9BBF-4E9F-A16C-8192BADF37DC} = {C5925095-9BBF-4E9F-A16C-8192BADF37DC}
	EndProjectSection
EndProject
Global
	GlobalSection(SolutionConfigurationPlatforms) = preSolution
		Debug|Any CPU = Debug|Any CPU
		Release|Any CPU = Release|Any CPU
	EndGlobalSection
	GlobalSection(ProjectConfigurationPlatforms) = postSolution
		{C2C0D52B-B700-4AE2-8366-C2D9D20C6E28}.Debug|Any CPU.ActiveCfg = Debug|Any CPU
		{C2C0D52B-B700-4AE2-8366-C2D9D20C6E28}.Debug|Any CPU.Build.0 = Debug|Any CPU
		{C2C0D52B-B700-4AE2-8366-C2D9D20C6E28}.Release|Any CPU.ActiveCfg = Release|Any CPU
		{C2C0D52B-B700-4AE2-8366-C2D9D20C6E28}.Release|Any CPU.Build.0 = Release|Any CPU
		{C5925095-9BBF-4E9F-A16C-8192BADF37DC}.Debug|Any CPU.ActiveCfg = Debug|Any CPU
		{C5925095-9BBF-4E9F-A16C-8192BADF37DC}.Debug|Any CPU.Build.0 = Debug|Any CPU
		{C5925095-9BBF-4E9F-A16C-8192BADF37DC}.Release|Any CPU.ActiveCfg = Release|Any CPU
		{C5925095-9BBF-4E9F-A16C-8192BADF37DC}.Release|Any CPU.Build.0 = Release|Any CPU
		{B0C7BD49-DD49-40B0-B5BF-39504912341E}.Debug|Any CPU.ActiveCfg = Debug|Any CPU
		{B0C7BD49-DD49-40B0-B5BF-39504912341E}.Debug|Any CPU.Build.0 = Debug|Any CPU
		{B0C7BD49-DD49-40B0-B5BF-39504912341E}.Release|Any CPU.ActiveCfg = Release|Any CPU
		{B0C7BD49-DD49-40B0-B5BF-39504912341E}.Release|Any CPU.Build.0 = Release|Any CPU
		{59E3E30D-6E49-4901-BA5C-B1F31916D172}.Debug|Any CPU.ActiveCfg = Debug|Any CPU
		{59E3E30D-6E49-4901-BA5C-B1F31916D172}.Debug|Any CPU.Build.0 = Debug|Any CPU
		{59E3E30D-6E49-4901-BA5C-B1F31916D172}.Release|Any CPU.ActiveCfg = Release|Any CPU
		{59E3E30D-6E49-4901-BA5C-B1F31916D172}.Release|Any CPU.Build.0 = Release|Any CPU
		{192A57BD-59AE-4FE4-A240-F57502956029}.Debug|Any CPU.ActiveCfg = Debug|Any CPU
		{192A57BD-59AE-4FE4-A240-F57502956029}.Debug|Any CPU.Build.0 = Debug|Any CPU
		{192A57BD-59AE-4FE4-A240-F57502956029}.Release|Any CPU.ActiveCfg = Release|Any CPU
		{192A57BD-59AE-4FE4-A240-F57502956029}.Release|Any CPU.Build.0 = Release|Any CPU
		{DA7EB10B-6FFB-41C9-8053-857200BA6B8F}.Debug|Any CPU.ActiveCfg = Debug|Any CPU
		{DA7EB10B-6FFB-41C9-8053-857200BA6B8F}.Debug|Any CPU.Build.0 = Debug|Any CPU
		{DA7EB10B-6FFB-41C9-8053-857200BA6B8F}.Release|Any CPU.ActiveCfg = Release|Any CPU
		{DA7EB10B-6FFB-41C9-8053-857200BA6B8F}.Release|Any CPU.Build.0 = Release|Any CPU
	EndGlobalSection
	GlobalSection(SolutionProperties) = preSolution
		HideSolutionNode = FALSE
	EndGlobalSection
	GlobalSection(ExtensibilityGlobals) = postSolution
		SolutionGuid = {5EEAB305-262E-4C5A-8067-107A617BF462}
	EndGlobalSection
EndGlobal
